github.com/schooldevops/go-kido-module-test v0.0.0-20220429024539-3cb22495d081 h1:1hdrqHSDUiJOBMhITzwHaeWf1h2bzS3SFjPphAgLZHk=
github.com/schooldevops/go-kido-module-test v0.0.0-20220429024539-3cb22495d081/go.mod h1:Zdx3Iqqwf3MlDD6Zs2KXgH7di+GLSSS2U3lZyS8/IZU=
github.com/schooldevops/go-kido-module-test v0.0.1 h1:bc+OEjOnpp6hyYVybtVAKhBvS+XjiBy9wmBoERU2SL0=
github.com/schooldevops/go-kido-module-test v0.0.1/go.mod h1:Zdx3Iqqwf3MlDD6Zs2KXgH7di+GLSSS2U3lZyS8/IZU=
